
Microsoft Visual Studio Solution File, Format Version 12.00
# Visual Studio Version 17
VisualStudioVersion = 17.5.33516.290
MinimumVisualStudioVersion = 10.0.40219.1
Project("{FAE04EC0-301F-11D3-BF4B-00C04F79EFBC}") = "serverSide", "serverSide\serverSide.csproj", "{EF0FF9B2-B916-4706-82C2-6A3CD6342AD8}"
EndProject
Global
	GlobalSection(SolutionConfigurationPlatforms) = preSolution
		Debug|Any CPU = Debug|Any CPU
		Release|Any CPU = Release|Any CPU
	EndGlobalSection
	GlobalSection(ProjectConfigurationPlatforms) = postSolution
		{EF0FF9B2-B916-4706-82C2-6A3CD6342AD8}.Debug|Any CPU.ActiveCfg = Debug|Any CPU
		{EF0FF9B2-B916-4706-82C2-6A3CD6342AD8}.Debug|Any CPU.Build.0 = Debug|Any CPU
		{EF0FF9B2-B916-4706-82C2-6A3CD6342AD8}.Release|Any CPU.ActiveCfg = Release|Any CPU
		{EF0FF9B2-B916-4706-82C2-6A3CD6342AD8}.Release|Any CPU.Build.0 = Release|Any CPU
	EndGlobalSection
	GlobalSection(SolutionProperties) = preSolution
		HideSolutionNode = FALSE
	EndGlobalSection
	GlobalSection(ExtensibilityGlobals) = postSolution
		SolutionGuid = {BF1E5F38-76CF-45FA-BBE5-086ACA8B9052}
	EndGlobalSection
EndGlobal
